// !$*UTF8*$!
{
	archiveVersion = 1;
	classes = {
	};
	objectVersion = 51;
	objects = {

/* Begin PBXBuildFile section */
		280CB3B724A3F3F100979D83 /* MovieCell.m in Sources */ = {isa = PBXBuildFile; fileRef = 280CB3B624A3F3F100979D83 /* MovieCell.m */; };
		280CB3BD24A4102500979D83 /* DetailsViewController.m in Sources */ = {isa = PBXBuildFile; fileRef = 280CB3BC24A4102500979D83 /* DetailsViewController.m */; };
		280CB40724A549D100979D83 /* MoviesGridViewController.m in Sources */ = {isa = PBXBuildFile; fileRef = 280CB40624A549D100979D83 /* MoviesGridViewController.m */; };
		280CB40A24A54D3500979D83 /* MovieCollectionCell.m in Sources */ = {isa = PBXBuildFile; fileRef = 280CB40924A54D3500979D83 /* MovieCollectionCell.m */; };
		28C43B0124A3BA090092F0D9 /* AppDelegate.m in Sources */ = {isa = PBXBuildFile; fileRef = 28C43B0024A3BA090092F0D9 /* AppDelegate.m */; };
		28C43B0424A3BA090092F0D9 /* SceneDelegate.m in Sources */ = {isa = PBXBuildFile; fileRef = 28C43B0324A3BA090092F0D9 /* SceneDelegate.m */; };
		28C43B0A24A3BA090092F0D9 /* Main.storyboard in Resources */ = {isa = PBXBuildFile; fileRef = 28C43B0824A3BA090092F0D9 /* Main.storyboard */; };
		28C43B0C24A3BA0A0092F0D9 /* Assets.xcassets in Resources */ = {isa = PBXBuildFile; fileRef = 28C43B0B24A3BA0A0092F0D9 /* Assets.xcassets */; };
		28C43B0F24A3BA0A0092F0D9 /* LaunchScreen.storyboard in Resources */ = {isa = PBXBuildFile; fileRef = 28C43B0D24A3BA0A0092F0D9 /* LaunchScreen.storyboard */; };
		28C43B1224A3BA0A0092F0D9 /* main.m in Sources */ = {isa = PBXBuildFile; fileRef = 28C43B1124A3BA0A0092F0D9 /* main.m */; };
		28C43B1C24A3BA0A0092F0D9 /* FlixTests.m in Sources */ = {isa = PBXBuildFile; fileRef = 28C43B1B24A3BA0A0092F0D9 /* FlixTests.m */; };
		28C43B2724A3BA0A0092F0D9 /* FlixUITests.m in Sources */ = {isa = PBXBuildFile; fileRef = 28C43B2624A3BA0A0092F0D9 /* FlixUITests.m */; };
		28C43B3624A3C8CE0092F0D9 /* MoviesViewController.m in Sources */ = {isa = PBXBuildFile; fileRef = 28C43B3524A3C8CE0092F0D9 /* MoviesViewController.m */; };
		3638C9BD82D36C4B6DEA442D /* Pods_Flix_FlixUITests.framework in Frameworks */ = {isa = PBXBuildFile; fileRef = 1200308AF042C8E4DC95E5A6 /* Pods_Flix_FlixUITests.framework */; };
		848A8792FA6043D450F58CFC /* Pods_Flix.framework in Frameworks */ = {isa = PBXBuildFile; fileRef = DC11EBFA43D150EB7490BB77 /* Pods_Flix.framework */; };
		A58C875193BB753BC31D03DB /* Pods_FlixTests.framework in Frameworks */ = {isa = PBXBuildFile; fileRef = 85B23A47D8239EAD97C196A9 /* Pods_FlixTests.framework */; };
/* End PBXBuildFile section */

/* Begin PBXContainerItemProxy section */
		28C43B1824A3BA0A0092F0D9 /* PBXContainerItemProxy */ = {
			isa = PBXContainerItemProxy;
			containerPortal = 28C43AF424A3BA090092F0D9 /* Project object */;
			proxyType = 1;
			remoteGlobalIDString = 28C43AFB24A3BA090092F0D9;
			remoteInfo = Flix;
		};
		28C43B2324A3BA0A0092F0D9 /* PBXContainerItemProxy */ = {
			isa = PBXContainerItemProxy;
			containerPortal = 28C43AF424A3BA090092F0D9 /* Project object */;
			proxyType = 1;
			remoteGlobalIDString = 28C43AFB24A3BA090092F0D9;
			remoteInfo = Flix;
		};
/* End PBXContainerItemProxy section */

/* Begin PBXFileReference section */
		07F54EA494316FF45FAB63E3 /* Pods-Flix-FlixUITests.release.xcconfig */ = {isa = PBXFileReference; includeInIndex = 1; lastKnownFileType = text.xcconfig; name = "Pods-Flix-FlixUITests.release.xcconfig"; path = "Target Support Files/Pods-Flix-FlixUITests/Pods-Flix-FlixUITests.release.xcconfig"; sourceTree = "<group>"; };
		1200308AF042C8E4DC95E5A6 /* Pods_Flix_FlixUITests.framework */ = {isa = PBXFileReference; explicitFileType = wrapper.framework; includeInIndex = 0; path = Pods_Flix_FlixUITests.framework; sourceTree = BUILT_PRODUCTS_DIR; };
		14E847A2D475FB152EC021BD /* Pods-FlixTests.debug.xcconfig */ = {isa = PBXFileReference; includeInIndex = 1; lastKnownFileType = text.xcconfig; name = "Pods-FlixTests.debug.xcconfig"; path = "Target Support Files/Pods-FlixTests/Pods-FlixTests.debug.xcconfig"; sourceTree = "<group>"; };
		1EFD546B660E094F876E9F48 /* Pods-Flix.debug.xcconfig */ = {isa = PBXFileReference; includeInIndex = 1; lastKnownFileType = text.xcconfig; name = "Pods-Flix.debug.xcconfig"; path = "Target Support Files/Pods-Flix/Pods-Flix.debug.xcconfig"; sourceTree = "<group>"; };
		280CB3B524A3F3F100979D83 /* MovieCell.h */ = {isa = PBXFileReference; lastKnownFileType = sourcecode.c.h; path = MovieCell.h; sourceTree = "<group>"; };
		280CB3B624A3F3F100979D83 /* MovieCell.m */ = {isa = PBXFileReference; lastKnownFileType = sourcecode.c.objc; path = MovieCell.m; sourceTree = "<group>"; };
		280CB3BB24A4102500979D83 /* DetailsViewController.h */ = {isa = PBXFileReference; lastKnownFileType = sourcecode.c.h; path = DetailsViewController.h; sourceTree = "<group>"; };
		280CB3BC24A4102500979D83 /* DetailsViewController.m */ = {isa = PBXFileReference; lastKnownFileType = sourcecode.c.objc; path = DetailsViewController.m; sourceTree = "<group>"; };
		280CB40524A549D100979D83 /* MoviesGridViewController.h */ = {isa = PBXFileReference; lastKnownFileType = sourcecode.c.h; path = MoviesGridViewController.h; sourceTree = "<group>"; };
		280CB40624A549D100979D83 /* MoviesGridViewController.m */ = {isa = PBXFileReference; lastKnownFileType = sourcecode.c.objc; path = MoviesGridViewController.m; sourceTree = "<group>"; };
		280CB40824A54D3500979D83 /* MovieCollectionCell.h */ = {isa = PBXFileReference; lastKnownFileType = sourcecode.c.h; path = MovieCollectionCell.h; sourceTree = "<group>"; };
		280CB40924A54D3500979D83 /* MovieCollectionCell.m */ = {isa = PBXFileReference; lastKnownFileType = sourcecode.c.objc; path = MovieCollectionCell.m; sourceTree = "<group>"; };
		28C43AFC24A3BA090092F0D9 /* Flix.app */ = {isa = PBXFileReference; explicitFileType = wrapper.application; includeInIndex = 0; path = Flix.app; sourceTree = BUILT_PRODUCTS_DIR; };
		28C43AFF24A3BA090092F0D9 /* AppDelegate.h */ = {isa = PBXFileReference; lastKnownFileType = sourcecode.c.h; path = AppDelegate.h; sourceTree = "<group>"; };
		28C43B0024A3BA090092F0D9 /* AppDelegate.m */ = {isa = PBXFileReference; lastKnownFileType = sourcecode.c.objc; path = AppDelegate.m; sourceTree = "<group>"; };
		28C43B0224A3BA090092F0D9 /* SceneDelegate.h */ = {isa = PBXFileReference; lastKnownFileType = sourcecode.c.h; path = SceneDelegate.h; sourceTree = "<group>"; };
		28C43B0324A3BA090092F0D9 /* SceneDelegate.m */ = {isa = PBXFileReference; lastKnownFileType = sourcecode.c.objc; path = SceneDelegate.m; sourceTree = "<group>"; };
		28C43B0924A3BA090092F0D9 /* Base */ = {isa = PBXFileReference; lastKnownFileType = file.storyboard; name = Base; path = Base.lproj/Main.storyboard; sourceTree = "<group>"; };
		28C43B0B24A3BA0A0092F0D9 /* Assets.xcassets */ = {isa = PBXFileReference; lastKnownFileType = folder.assetcatalog; path = Assets.xcassets; sourceTree = "<group>"; };
		28C43B0E24A3BA0A0092F0D9 /* Base */ = {isa = PBXFileReference; lastKnownFileType = file.storyboard; name = Base; path = Base.lproj/LaunchScreen.storyboard; sourceTree = "<group>"; };
		28C43B1024A3BA0A0092F0D9 /* Info.plist */ = {isa = PBXFileReference; lastKnownFileType = text.plist.xml; path = Info.plist; sourceTree = "<group>"; };
		28C43B1124A3BA0A0092F0D9 /* main.m */ = {isa = PBXFileReference; lastKnownFileType = sourcecode.c.objc; path = main.m; sourceTree = "<group>"; };
		28C43B1724A3BA0A0092F0D9 /* FlixTests.xctest */ = {isa = PBXFileReference; explicitFileType = wrapper.cfbundle; includeInIndex = 0; path = FlixTests.xctest; sourceTree = BUILT_PRODUCTS_DIR; };
		28C43B1B24A3BA0A0092F0D9 /* FlixTests.m */ = {isa = PBXFileReference; lastKnownFileType = sourcecode.c.objc; path = FlixTests.m; sourceTree = "<group>"; };
		28C43B1D24A3BA0A0092F0D9 /* Info.plist */ = {isa = PBXFileReference; lastKnownFileType = text.plist.xml; path = Info.plist; sourceTree = "<group>"; };
		28C43B2224A3BA0A0092F0D9 /* FlixUITests.xctest */ = {isa = PBXFileReference; explicitFileType = wrapper.cfbundle; includeInIndex = 0; path = FlixUITests.xctest; sourceTree = BUILT_PRODUCTS_DIR; };
		28C43B2624A3BA0A0092F0D9 /* FlixUITests.m */ = {isa = PBXFileReference; lastKnownFileType = sourcecode.c.objc; path = FlixUITests.m; sourceTree = "<group>"; };
		28C43B2824A3BA0A0092F0D9 /* Info.plist */ = {isa = PBXFileReference; lastKnownFileType = text.plist.xml; path = Info.plist; sourceTree = "<group>"; };
		28C43B3424A3C8CE0092F0D9 /* MoviesViewController.h */ = {isa = PBXFileReference; lastKnownFileType = sourcecode.c.h; path = MoviesViewController.h; sourceTree = "<group>"; };
		28C43B3524A3C8CE0092F0D9 /* MoviesViewController.m */ = {isa = PBXFileReference; lastKnownFileType = sourcecode.c.objc; path = MoviesViewController.m; sourceTree = "<group>"; };
		6ABBD31846BEEDDAF0C3A867 /* Pods-FlixTests.release.xcconfig */ = {isa = PBXFileReference; includeInIndex = 1; lastKnownFileType = text.xcconfig; name = "Pods-FlixTests.release.xcconfig"; path = "Target Support Files/Pods-FlixTests/Pods-FlixTests.release.xcconfig"; sourceTree = "<group>"; };
		85B23A47D8239EAD97C196A9 /* Pods_FlixTests.framework */ = {isa = PBXFileReference; explicitFileType = wrapper.framework; includeInIndex = 0; path = Pods_FlixTests.framework; sourceTree = BUILT_PRODUCTS_DIR; };
		ABE9A8F53E91A65E8D5C5136 /* Pods-Flix.release.xcconfig */ = {isa = PBXFileReference; includeInIndex = 1; lastKnownFileType = text.xcconfig; name = "Pods-Flix.release.xcconfig"; path = "Target Support Files/Pods-Flix/Pods-Flix.release.xcconfig"; sourceTree = "<group>"; };
		DC11EBFA43D150EB7490BB77 /* Pods_Flix.framework */ = {isa = PBXFileReference; explicitFileType = wrapper.framework; includeInIndex = 0; path = Pods_Flix.framework; sourceTree = BUILT_PRODUCTS_DIR; };
		E9542427B73CFF4E4057098A /* Pods-Flix-FlixUITests.debug.xcconfig */ = {isa = PBXFileReference; includeInIndex = 1; lastKnownFileType = text.xcconfig; name = "Pods-Flix-FlixUITests.debug.xcconfig"; path = "Target Support Files/Pods-Flix-FlixUITests/Pods-Flix-FlixUITests.debug.xcconfig"; sourceTree = "<group>"; };
/* End PBXFileReference section */

/* Begin PBXFrameworksBuildPhase section */
		28C43AF924A3BA090092F0D9 /* Frameworks */ = {
			isa = PBXFrameworksBuildPhase;
			buildActionMask = 2147483647;
			files = (
				848A8792FA6043D450F58CFC /* Pods_Flix.framework in Frameworks */,
			);
			runOnlyForDeploymentPostprocessing = 0;
		};
		28C43B1424A3BA0A0092F0D9 /* Frameworks */ = {
			isa = PBXFrameworksBuildPhase;
			buildActionMask = 2147483647;
			files = (
				A58C875193BB753BC31D03DB /* Pods_FlixTests.framework in Frameworks */,
			);
			runOnlyForDeploymentPostprocessing = 0;
		};
		28C43B1F24A3BA0A0092F0D9 /* Frameworks */ = {
			isa = PBXFrameworksBuildPhase;
			buildActionMask = 2147483647;
			files = (
				3638C9BD82D36C4B6DEA442D /* Pods_Flix_FlixUITests.framework in Frameworks */,
			);
			runOnlyForDeploymentPostprocessing = 0;
		};
/* End PBXFrameworksBuildPhase section */

/* Begin PBXGroup section */
		28C43AF324A3BA090092F0D9 = {
			isa = PBXGroup;
			children = (
				28C43AFE24A3BA090092F0D9 /* Flix */,
				28C43B1A24A3BA0A0092F0D9 /* FlixTests */,
				28C43B2524A3BA0A0092F0D9 /* FlixUITests */,
				28C43AFD24A3BA090092F0D9 /* Products */,
				F4E0B096AE2F248B087BB221 /* Pods */,
				C2D65593146C959089E9A75E /* Frameworks */,
			);
			sourceTree = "<group>";
		};
		28C43AFD24A3BA090092F0D9 /* Products */ = {
			isa = PBXGroup;
			children = (
				28C43AFC24A3BA090092F0D9 /* Flix.app */,
				28C43B1724A3BA0A0092F0D9 /* FlixTests.xctest */,
				28C43B2224A3BA0A0092F0D9 /* FlixUITests.xctest */,
			);
			name = Products;
			sourceTree = "<group>";
		};
		28C43AFE24A3BA090092F0D9 /* Flix */ = {
			isa = PBXGroup;
			children = (
				28C43B3924A3C9F50092F0D9 /* Models */,
				28C43B3824A3C9EA0092F0D9 /* View Controllers */,
				28C43B3724A3C9DC0092F0D9 /* Views */,
				28C43AFF24A3BA090092F0D9 /* AppDelegate.h */,
				28C43B0024A3BA090092F0D9 /* AppDelegate.m */,
				28C43B0224A3BA090092F0D9 /* SceneDelegate.h */,
				28C43B0324A3BA090092F0D9 /* SceneDelegate.m */,
				28C43B0824A3BA090092F0D9 /* Main.storyboard */,
				28C43B0B24A3BA0A0092F0D9 /* Assets.xcassets */,
				28C43B0D24A3BA0A0092F0D9 /* LaunchScreen.storyboard */,
				28C43B1024A3BA0A0092F0D9 /* Info.plist */,
				28C43B1124A3BA0A0092F0D9 /* main.m */,
			);
			path = Flix;
			sourceTree = "<group>";
		};
		28C43B1A24A3BA0A0092F0D9 /* FlixTests */ = {
			isa = PBXGroup;
			children = (
				28C43B1B24A3BA0A0092F0D9 /* FlixTests.m */,
				28C43B1D24A3BA0A0092F0D9 /* Info.plist */,
			);
			path = FlixTests;
			sourceTree = "<group>";
		};
		28C43B2524A3BA0A0092F0D9 /* FlixUITests */ = {
			isa = PBXGroup;
			children = (
				28C43B2624A3BA0A0092F0D9 /* FlixUITests.m */,
				28C43B2824A3BA0A0092F0D9 /* Info.plist */,
			);
			path = FlixUITests;
			sourceTree = "<group>";
		};
		28C43B3724A3C9DC0092F0D9 /* Views */ = {
			isa = PBXGroup;
			children = (
				280CB3B524A3F3F100979D83 /* MovieCell.h */,
				280CB3B624A3F3F100979D83 /* MovieCell.m */,
				280CB40824A54D3500979D83 /* MovieCollectionCell.h */,
				280CB40924A54D3500979D83 /* MovieCollectionCell.m */,
			);
			path = Views;
			sourceTree = "<group>";
		};
		28C43B3824A3C9EA0092F0D9 /* View Controllers */ = {
			isa = PBXGroup;
			children = (
				28C43B3424A3C8CE0092F0D9 /* MoviesViewController.h */,
				28C43B3524A3C8CE0092F0D9 /* MoviesViewController.m */,
				280CB3BB24A4102500979D83 /* DetailsViewController.h */,
				280CB3BC24A4102500979D83 /* DetailsViewController.m */,
				280CB40524A549D100979D83 /* MoviesGridViewController.h */,
				280CB40624A549D100979D83 /* MoviesGridViewController.m */,
			);
			path = "View Controllers";
			sourceTree = "<group>";
		};
		28C43B3924A3C9F50092F0D9 /* Models */ = {
			isa = PBXGroup;
			children = (
			);
			path = Models;
			sourceTree = "<group>";
		};
		C2D65593146C959089E9A75E /* Frameworks */ = {
			isa = PBXGroup;
			children = (
				DC11EBFA43D150EB7490BB77 /* Pods_Flix.framework */,
				1200308AF042C8E4DC95E5A6 /* Pods_Flix_FlixUITests.framework */,
				85B23A47D8239EAD97C196A9 /* Pods_FlixTests.framework */,
			);
			name = Frameworks;
			sourceTree = "<group>";
		};
		F4E0B096AE2F248B087BB221 /* Pods */ = {
			isa = PBXGroup;
			children = (
				1EFD546B660E094F876E9F48 /* Pods-Flix.debug.xcconfig */,
				ABE9A8F53E91A65E8D5C5136 /* Pods-Flix.release.xcconfig */,
				E9542427B73CFF4E4057098A /* Pods-Flix-FlixUITests.debug.xcconfig */,
				07F54EA494316FF45FAB63E3 /* Pods-Flix-FlixUITests.release.xcconfig */,
				14E847A2D475FB152EC021BD /* Pods-FlixTests.debug.xcconfig */,
				6ABBD31846BEEDDAF0C3A867 /* Pods-FlixTests.release.xcconfig */,
			);
			path = Pods;
			sourceTree = "<group>";
		};
/* End PBXGroup section */

/* Begin PBXNativeTarget section */
		28C43AFB24A3BA090092F0D9 /* Flix */ = {
			isa = PBXNativeTarget;
			buildConfigurationList = 28C43B2B24A3BA0A0092F0D9 /* Build configuration list for PBXNativeTarget "Flix" */;
			buildPhases = (
				8771397931E1D7AF42B1EE05 /* [CP] Check Pods Manifest.lock */,
				28C43AF824A3BA090092F0D9 /* Sources */,
				28C43AF924A3BA090092F0D9 /* Frameworks */,
				28C43AFA24A3BA090092F0D9 /* Resources */,
				2C9A5936B0947D59E78F224E /* [CP] Embed Pods Frameworks */,
			);
			buildRules = (
			);
			dependencies = (
			);
			name = Flix;
			productName = Flix;
			productReference = 28C43AFC24A3BA090092F0D9 /* Flix.app */;
			productType = "com.apple.product-type.application";
		};
		28C43B1624A3BA0A0092F0D9 /* FlixTests */ = {
			isa = PBXNativeTarget;
			buildConfigurationList = 28C43B2E24A3BA0A0092F0D9 /* Build configuration list for PBXNativeTarget "FlixTests" */;
			buildPhases = (
				A49D59B68CAB5425F609375F /* [CP] Check Pods Manifest.lock */,
				28C43B1324A3BA0A0092F0D9 /* Sources */,
				28C43B1424A3BA0A0092F0D9 /* Frameworks */,
				28C43B1524A3BA0A0092F0D9 /* Resources */,
			);
			buildRules = (
			);
			dependencies = (
				28C43B1924A3BA0A0092F0D9 /* PBXTargetDependency */,
			);
			name = FlixTests;
			productName = FlixTests;
			productReference = 28C43B1724A3BA0A0092F0D9 /* FlixTests.xctest */;
			productType = "com.apple.product-type.bundle.unit-test";
		};
		28C43B2124A3BA0A0092F0D9 /* FlixUITests */ = {
			isa = PBXNativeTarget;
			buildConfigurationList = 28C43B3124A3BA0A0092F0D9 /* Build configuration list for PBXNativeTarget "FlixUITests" */;
			buildPhases = (
				43CF05A501A49DA842E07A86 /* [CP] Check Pods Manifest.lock */,
				28C43B1E24A3BA0A0092F0D9 /* Sources */,
				28C43B1F24A3BA0A0092F0D9 /* Frameworks */,
				28C43B2024A3BA0A0092F0D9 /* Resources */,
				AD0F96A2AF4788E0AF408EED /* [CP] Embed Pods Frameworks */,
			);
			buildRules = (
			);
			dependencies = (
				28C43B2424A3BA0A0092F0D9 /* PBXTargetDependency */,
			);
			name = FlixUITests;
			productName = FlixUITests;
			productReference = 28C43B2224A3BA0A0092F0D9 /* FlixUITests.xctest */;
			productType = "com.apple.product-type.bundle.ui-testing";
		};
/* End PBXNativeTarget section */

/* Begin PBXProject section */
		28C43AF424A3BA090092F0D9 /* Project object */ = {
			isa = PBXProject;
			attributes = {
				LastUpgradeCheck = 1150;
				ORGANIZATIONNAME = "Mariana Martinez";
				TargetAttributes = {
					28C43AFB24A3BA090092F0D9 = {
						CreatedOnToolsVersion = 11.5;
					};
					28C43B1624A3BA0A0092F0D9 = {
						CreatedOnToolsVersion = 11.5;
						TestTargetID = 28C43AFB24A3BA090092F0D9;
					};
					28C43B2124A3BA0A0092F0D9 = {
						CreatedOnToolsVersion = 11.5;
						TestTargetID = 28C43AFB24A3BA090092F0D9;
					};
				};
			};
			buildConfigurationList = 28C43AF724A3BA090092F0D9 /* Build configuration list for PBXProject "Flix" */;
			compatibilityVersion = "Xcode 9.3";
			developmentRegion = en;
			hasScannedForEncodings = 0;
			knownRegions = (
				en,
				Base,
			);
			mainGroup = 28C43AF324A3BA090092F0D9;
			productRefGroup = 28C43AFD24A3BA090092F0D9 /* Products */;
			projectDirPath = "";
			projectRoot = "";
			targets = (
				28C43AFB24A3BA090092F0D9 /* Flix */,
				28C43B1624A3BA0A0092F0D9 /* FlixTests */,
				28C43B2124A3BA0A0092F0D9 /* FlixUITests */,
			);
		};
/* End PBXProject section */

/* Begin PBXResourcesBuildPhase section */
		28C43AFA24A3BA090092F0D9 /* Resources */ = {
			isa = PBXResourcesBuildPhase;
			buildActionMask = 2147483647;
			files = (
				28C43B0F24A3BA0A0092F0D9 /* LaunchScreen.storyboard in Resources */,
				28C43B0C24A3BA0A0092F0D9 /* Assets.xcassets in Resources */,
				28C43B0A24A3BA090092F0D9 /* Main.storyboard in Resources */,
			);
			runOnlyForDeploymentPostprocessing = 0;
		};
		28C43B1524A3BA0A0092F0D9 /* Resources */ = {
			isa = PBXResourcesBuildPhase;
			buildActionMask = 2147483647;
			files = (
			);
			runOnlyForDeploymentPostprocessing = 0;
		};
		28C43B2024A3BA0A0092F0D9 /* Resources */ = {
			isa = PBXResourcesBuildPhase;
			buildActionMask = 2147483647;
			files = (
			);
			runOnlyForDeploymentPostprocessing = 0;
		};
/* End PBXResourcesBuildPhase section */

/* Begin PBXShellScriptBuildPhase section */
		2C9A5936B0947D59E78F224E /* [CP] Embed Pods Frameworks */ = {
			isa = PBXShellScriptBuildPhase;
			buildActionMask = 2147483647;
			files = (
			);
			inputFileListPaths = (
				"${PODS_ROOT}/Target Support Files/Pods-Flix/Pods-Flix-frameworks-${CONFIGURATION}-input-files.xcfilelist",
			);
			name = "[CP] Embed Pods Frameworks";
			outputFileListPaths = (
				"${PODS_ROOT}/Target Support Files/Pods-Flix/Pods-Flix-frameworks-${CONFIGURATION}-output-files.xcfilelist",
			);
			runOnlyForDeploymentPostprocessing = 0;
			shellPath = /bin/sh;
			shellScript = "\"${PODS_ROOT}/Target Support Files/Pods-Flix/Pods-Flix-frameworks.sh\"\n";
			showEnvVarsInLog = 0;
		};
		43CF05A501A49DA842E07A86 /* [CP] Check Pods Manifest.lock */ = {
			isa = PBXShellScriptBuildPhase;
			buildActionMask = 2147483647;
			files = (
			);
			inputFileListPaths = (
			);
			inputPaths = (
				"${PODS_PODFILE_DIR_PATH}/Podfile.lock",
				"${PODS_ROOT}/Manifest.lock",
			);
			name = "[CP] Check Pods Manifest.lock";
			outputFileListPaths = (
			);
			outputPaths = (
				"$(DERIVED_FILE_DIR)/Pods-Flix-FlixUITests-checkManifestLockResult.txt",
			);
			runOnlyForDeploymentPostprocessing = 0;
			shellPath = /bin/sh;
			shellScript = "diff \"${PODS_PODFILE_DIR_PATH}/Podfile.lock\" \"${PODS_ROOT}/Manifest.lock\" > /dev/null\nif [ $? != 0 ] ; then\n    # print error to STDERR\n    echo \"error: The sandbox is not in sync with the Podfile.lock. Run 'pod install' or update your CocoaPods installation.\" >&2\n    exit 1\nfi\n# This output is used by Xcode 'outputs' to avoid re-running this script phase.\necho \"SUCCESS\" > \"${SCRIPT_OUTPUT_FILE_0}\"\n";
			showEnvVarsInLog = 0;
		};
		8771397931E1D7AF42B1EE05 /* [CP] Check Pods Manifest.lock */ = {
			isa = PBXShellScriptBuildPhase;
			buildActionMask = 2147483647;
			files = (
			);
			inputFileListPaths = (
			);
			inputPaths = (
				"${PODS_PODFILE_DIR_PATH}/Podfile.lock",
				"${PODS_ROOT}/Manifest.lock",
			);
			name = "[CP] Check Pods Manifest.lock";
			outputFileListPaths = (
			);
			outputPaths = (
				"$(DERIVED_FILE_DIR)/Pods-Flix-checkManifestLockResult.txt",
			);
			runOnlyForDeploymentPostprocessing = 0;
			shellPath = /bin/sh;
			shellScript = "diff \"${PODS_PODFILE_DIR_PATH}/Podfile.lock\" \"${PODS_ROOT}/Manifest.lock\" > /dev/null\nif [ $? != 0 ] ; then\n    # print error to STDERR\n    echo \"error: The sandbox is not in sync with the Podfile.lock. Run 'pod install' or update your CocoaPods installation.\" >&2\n    exit 1\nfi\n# This output is used by Xcode 'outputs' to avoid re-running this script phase.\necho \"SUCCESS\" > \"${SCRIPT_OUTPUT_FILE_0}\"\n";
			showEnvVarsInLog = 0;
		};
		A49D59B68CAB5425F609375F /* [CP] Check Pods Manifest.lock */ = {
			isa = PBXShellScriptBuildPhase;
			buildActionMask = 2147483647;
			files = (
			);
			inputFileListPaths = (
			);
			inputPaths = (
				"${PODS_PODFILE_DIR_PATH}/Podfile.lock",
				"${PODS_ROOT}/Manifest.lock",
			);
			name = "[CP] Check Pods Manifest.lock";
			outputFileListPaths = (
			);
			outputPaths = (
				"$(DERIVED_FILE_DIR)/Pods-FlixTests-checkManifestLockResult.txt",
			);
			runOnlyForDeploymentPostprocessing = 0;
			shellPath = /bin/sh;
			shellScript = "diff \"${PODS_PODFILE_DIR_PATH}/Podfile.lock\" \"${PODS_ROOT}/Manifest.lock\" > /dev/null\nif [ $? != 0 ] ; then\n    # print error to STDERR\n    echo \"error: The sandbox is not in sync with the Podfile.lock. Run 'pod install' or update your CocoaPods installation.\" >&2\n    exit 1\nfi\n# This output is used by Xcode 'outputs' to avoid re-running this script phase.\necho \"SUCCESS\" > \"${SCRIPT_OUTPUT_FILE_0}\"\n";
			showEnvVarsInLog = 0;
		};
		AD0F96A2AF4788E0AF408EED /* [CP] Embed Pods Frameworks */ = {
			isa = PBXShellScriptBuildPhase;
			buildActionMask = 2147483647;
			files = (
			);
			inputFileListPaths = (
				"${PODS_ROOT}/Target Support Files/Pods-Flix-FlixUITests/Pods-Flix-FlixUITests-frameworks-${CONFIGURATION}-input-files.xcfilelist",
			);
			name = "[CP] Embed Pods Frameworks";
			outputFileListPaths = (
				"${PODS_ROOT}/Target Support Files/Pods-Flix-FlixUITests/Pods-Flix-FlixUITests-frameworks-${CONFIGURATION}-output-files.xcfilelist",
			);
			runOnlyForDeploymentPostprocessing = 0;
			shellPath = /bin/sh;
			shellScript = "\"${PODS_ROOT}/Target Support Files/Pods-Flix-FlixUITests/Pods-Flix-FlixUITests-frameworks.sh\"\n";
			showEnvVarsInLog = 0;
		};
/* End PBXShellScriptBuildPhase section */

/* Begin PBXSourcesBuildPhase section */
		28C43AF824A3BA090092F0D9 /* Sources */ = {
			isa = PBXSourcesBuildPhase;
			buildActionMask = 2147483647;
			files = (
				28C43B0124A3BA090092F0D9 /* AppDelegate.m in Sources */,
				280CB3B724A3F3F100979D83 /* MovieCell.m in Sources */,
				28C43B3624A3C8CE0092F0D9 /* MoviesViewController.m in Sources */,
				280CB3BD24A4102500979D83 /* DetailsViewController.m in Sources */,
				280CB40A24A54D3500979D83 /* MovieCollectionCell.m in Sources */,
				28C43B1224A3BA0A0092F0D9 /* main.m in Sources */,
				28C43B0424A3BA090092F0D9 /* SceneDelegate.m in Sources */,
				280CB40724A549D100979D83 /* MoviesGridViewController.m in Sources */,
			);
			runOnlyForDeploymentPostprocessing = 0;
		};
		28C43B1324A3BA0A0092F0D9 /* Sources */ = {
			isa = PBXSourcesBuildPhase;
			buildActionMask = 2147483647;
			files = (
				28C43B1C24A3BA0A0092F0D9 /* FlixTests.m in Sources */,
			);
			runOnlyForDeploymentPostprocessing = 0;
		};
		28C43B1E24A3BA0A0092F0D9 /* Sources */ = {
			isa = PBXSourcesBuildPhase;
			buildActionMask = 2147483647;
			files = (
				28C43B2724A3BA0A0092F0D9 /* FlixUITests.m in Sources */,
			);
			runOnlyForDeploymentPostprocessing = 0;
		};
/* End PBXSourcesBuildPhase section */

/* Begin PBXTargetDependency section */
		28C43B1924A3BA0A0092F0D9 /* PBXTargetDependency */ = {
			isa = PBXTargetDependency;
			target = 28C43AFB24A3BA090092F0D9 /* Flix */;
			targetProxy = 28C43B1824A3BA0A0092F0D9 /* PBXContainerItemProxy */;
		};
		28C43B2424A3BA0A0092F0D9 /* PBXTargetDependency */ = {
			isa = PBXTargetDependency;
			target = 28C43AFB24A3BA090092F0D9 /* Flix */;
			targetProxy = 28C43B2324A3BA0A0092F0D9 /* PBXContainerItemProxy */;
		};
/* End PBXTargetDependency section */

/* Begin PBXVariantGroup section */
		28C43B0824A3BA090092F0D9 /* Main.storyboard */ = {
			isa = PBXVariantGroup;
			children = (
				28C43B0924A3BA090092F0D9 /* Base */,
			);
			name = Main.storyboard;
			sourceTree = "<group>";
		};
		28C43B0D24A3BA0A0092F0D9 /* LaunchScreen.storyboard */ = {
			isa = PBXVariantGroup;
			children = (
				28C43B0E24A3BA0A0092F0D9 /* Base */,
			);
			name = LaunchScreen.storyboard;
			sourceTree = "<group>";
		};
/* End PBXVariantGroup section */

/* Begin XCBuildConfiguration section */
		28C43B2924A3BA0A0092F0D9 /* Debug */ = {
			isa = XCBuildConfiguration;
			buildSettings = {
				ALWAYS_SEARCH_USER_PATHS = NO;
				CLANG_ANALYZER_NONNULL = YES;
				CLANG_ANALYZER_NUMBER_OBJECT_CONVERSION = YES_AGGRESSIVE;
				CLANG_CXX_LANGUAGE_STANDARD = "gnu++14";
				CLANG_CXX_LIBRARY = "libc++";
				CLANG_ENABLE_MODULES = YES;
				CLANG_ENABLE_OBJC_ARC = YES;
				CLANG_ENABLE_OBJC_WEAK = YES;
				CLANG_WARN_BLOCK_CAPTURE_AUTORELEASING = YES;
				CLANG_WARN_BOOL_CONVERSION = YES;
				CLANG_WARN_COMMA = YES;
				CLANG_WARN_CONSTANT_CONVERSION = YES;
				CLANG_WARN_DEPRECATED_OBJC_IMPLEMENTATIONS = YES;
				CLANG_WARN_DIRECT_OBJC_ISA_USAGE = YES_ERROR;
				CLANG_WARN_DOCUMENTATION_COMMENTS = YES;
				CLANG_WARN_EMPTY_BODY = YES;
				CLANG_WARN_ENUM_CONVERSION = YES;
				CLANG_WARN_INFINITE_RECURSION = YES;
				CLANG_WARN_INT_CONVERSION = YES;
				CLANG_WARN_NON_LITERAL_NULL_CONVERSION = YES;
				CLANG_WARN_OBJC_IMPLICIT_RETAIN_SELF = YES;
				CLANG_WARN_OBJC_LITERAL_CONVERSION = YES;
				CLANG_WARN_OBJC_ROOT_CLASS = YES_ERROR;
				CLANG_WARN_RANGE_LOOP_ANALYSIS = YES;
				CLANG_WARN_STRICT_PROTOTYPES = YES;
				CLANG_WARN_SUSPICIOUS_MOVE = YES;
				CLANG_WARN_UNGUARDED_AVAILABILITY = YES_AGGRESSIVE;
				CLANG_WARN_UNREACHABLE_CODE = YES;
				CLANG_WARN__DUPLICATE_METHOD_MATCH = YES;
				COPY_PHASE_STRIP = NO;
				DEBUG_INFORMATION_FORMAT = dwarf;
				ENABLE_STRICT_OBJC_MSGSEND = YES;
				ENABLE_TESTABILITY = YES;
				GCC_C_LANGUAGE_STANDARD = gnu11;
				GCC_DYNAMIC_NO_PIC = NO;
				GCC_NO_COMMON_BLOCKS = YES;
				GCC_OPTIMIZATION_LEVEL = 0;
				GCC_PREPROCESSOR_DEFINITIONS = (
					"DEBUG=1",
					"$(inherited)",
				);
				GCC_WARN_64_TO_32_BIT_CONVERSION = YES;
				GCC_WARN_ABOUT_RETURN_TYPE = YES_ERROR;
				GCC_WARN_UNDECLARED_SELECTOR = YES;
				GCC_WARN_UNINITIALIZED_AUTOS = YES_AGGRESSIVE;
				GCC_WARN_UNUSED_FUNCTION = YES;
				GCC_WARN_UNUSED_VARIABLE = YES;
				IPHONEOS_DEPLOYMENT_TARGET = 13.5;
				MTL_ENABLE_DEBUG_INFO = INCLUDE_SOURCE;
				MTL_FAST_MATH = YES;
				ONLY_ACTIVE_ARCH = YES;
				SDKROOT = iphoneos;
			};
			name = Debug;
		};
		28C43B2A24A3BA0A0092F0D9 /* Release */ = {
			isa = XCBuildConfiguration;
			buildSettings = {
				ALWAYS_SEARCH_USER_PATHS = NO;
				CLANG_ANALYZER_NONNULL = YES;
				CLANG_ANALYZER_NUMBER_OBJECT_CONVERSION = YES_AGGRESSIVE;
				CLANG_CXX_LANGUAGE_STANDARD = "gnu++14";
				CLANG_CXX_LIBRARY = "libc++";
				CLANG_ENABLE_MODULES = YES;
				CLANG_ENABLE_OBJC_ARC = YES;
				CLANG_ENABLE_OBJC_WEAK = YES;
				CLANG_WARN_BLOCK_CAPTURE_AUTORELEASING = YES;
				CLANG_WARN_BOOL_CONVERSION = YES;
				CLANG_WARN_COMMA = YES;
				CLANG_WARN_CONSTANT_CONVERSION = YES;
				CLANG_WARN_DEPRECATED_OBJC_IMPLEMENTATIONS = YES;
				CLANG_WARN_DIRECT_OBJC_ISA_USAGE = YES_ERROR;
				CLANG_WARN_DOCUMENTATION_COMMENTS = YES;
				CLANG_WARN_EMPTY_BODY = YES;
				CLANG_WARN_ENUM_CONVERSION = YES;
				CLANG_WARN_INFINITE_RECURSION = YES;
				CLANG_WARN_INT_CONVERSION = YES;
				CLANG_WARN_NON_LITERAL_NULL_CONVERSION = YES;
				CLANG_WARN_OBJC_IMPLICIT_RETAIN_SELF = YES;
				CLANG_WARN_OBJC_LITERAL_CONVERSION = YES;
				CLANG_WARN_OBJC_ROOT_CLASS = YES_ERROR;
				CLANG_WARN_RANGE_LOOP_ANALYSIS = YES;
				CLANG_WARN_STRICT_PROTOTYPES = YES;
				CLANG_WARN_SUSPICIOUS_MOVE = YES;
				CLANG_WARN_UNGUARDED_AVAILABILITY = YES_AGGRESSIVE;
				CLANG_WARN_UNREACHABLE_CODE = YES;
				CLANG_WARN__DUPLICATE_METHOD_MATCH = YES;
				COPY_PHASE_STRIP = NO;
				DEBUG_INFORMATION_FORMAT = "dwarf-with-dsym";
				ENABLE_NS_ASSERTIONS = NO;
				ENABLE_STRICT_OBJC_MSGSEND = YES;
				GCC_C_LANGUAGE_STANDARD = gnu11;
				GCC_NO_COMMON_BLOCKS = YES;
				GCC_WARN_64_TO_32_BIT_CONVERSION = YES;
				GCC_WARN_ABOUT_RETURN_TYPE = YES_ERROR;
				GCC_WARN_UNDECLARED_SELECTOR = YES;
				GCC_WARN_UNINITIALIZED_AUTOS = YES_AGGRESSIVE;
				GCC_WARN_UNUSED_FUNCTION = YES;
				GCC_WARN_UNUSED_VARIABLE = YES;
				IPHONEOS_DEPLOYMENT_TARGET = 13.5;
				MTL_ENABLE_DEBUG_INFO = NO;
				MTL_FAST_MATH = YES;
				SDKROOT = iphoneos;
				VALIDATE_PRODUCT = YES;
			};
			name = Release;
		};
		28C43B2C24A3BA0A0092F0D9 /* Debug */ = {
			isa = XCBuildConfiguration;
			baseConfigurationReference = 1EFD546B660E094F876E9F48 /* Pods-Flix.debug.xcconfig */;
			buildSettings = {
				ASSETCATALOG_COMPILER_APPICON_NAME = AppIcon;
				CODE_SIGN_STYLE = Automatic;
				DEVELOPMENT_TEAM = 8WP7X2Z5KA;
				INFOPLIST_FILE = Flix/Info.plist;
				LD_RUNPATH_SEARCH_PATHS = (
					"$(inherited)",
					"@executable_path/Frameworks",
				);
				PRODUCT_BUNDLE_IDENTIFIER = com.marianamtzcelis.Flix;
				PRODUCT_NAME = "$(TARGET_NAME)";
				TARGETED_DEVICE_FAMILY = "1,2";
			};
			name = Debug;
		};
		28C43B2D24A3BA0A0092F0D9 /* Release */ = {
			isa = XCBuildConfiguration;
			baseConfigurationReference = ABE9A8F53E91A65E8D5C5136 /* Pods-Flix.release.xcconfig */;
			buildSettings = {
				ASSETCATALOG_COMPILER_APPICON_NAME = AppIcon;
				CODE_SIGN_STYLE = Automatic;
				DEVELOPMENT_TEAM = 8WP7X2Z5KA;
				INFOPLIST_FILE = Flix/Info.plist;
				LD_RUNPATH_SEARCH_PATHS = (
					"$(inherited)",
					"@executable_path/Frameworks",
				);
				PRODUCT_BUNDLE_IDENTIFIER = com.marianamtzcelis.Flix;
				PRODUCT_NAME = "$(TARGET_NAME)";
				TARGETED_DEVICE_FAMILY = "1,2";
			};
			name = Release;
		};
		28C43B2F24A3BA0A0092F0D9 /* Debug */ = {
			isa = XCBuildConfiguration;
			baseConfigurationReference = 14E847A2D475FB152EC021BD /* Pods-FlixTests.debug.xcconfig */;
			buildSettings = {
				BUNDLE_LOADER = "$(TEST_HOST)";
				CODE_SIGN_STYLE = Automatic;
				INFOPLIST_FILE = FlixTests/Info.plist;
				IPHONEOS_DEPLOYMENT_TARGET = 13.5;
				LD_RUNPATH_SEARCH_PATHS = (
					"$(inherited)",
					"@executable_path/Frameworks",
					"@loader_path/Frameworks",
				);
				PRODUCT_BUNDLE_IDENTIFIER = com.marianamtzcelis.FlixTests;
				PRODUCT_NAME = "$(TARGET_NAME)";
				TARGETED_DEVICE_FAMILY = "1,2";
				TEST_HOST = "$(BUILT_PRODUCTS_DIR)/Flix.app/Flix";
			};
			name = Debug;
		};
		28C43B3024A3BA0A0092F0D9 /* Release */ = {
			isa = XCBuildConfiguration;
			baseConfigurationReference = 6ABBD31846BEEDDAF0C3A867 /* Pods-FlixTests.release.xcconfig */;
			buildSettings = {
				BUNDLE_LOADER = "$(TEST_HOST)";
				CODE_SIGN_STYLE = Automatic;
				INFOPLIST_FILE = FlixTests/Info.plist;
				IPHONEOS_DEPLOYMENT_TARGET = 13.5;
				LD_RUNPATH_SEARCH_PATHS = (
					"$(inherited)",
					"@executable_path/Frameworks",
					"@loader_path/Frameworks",
				);
				PRODUCT_BUNDLE_IDENTIFIER = com.marianamtzcelis.FlixTests;
				PRODUCT_NAME = "$(TARGET_NAME)";
				TARGETED_DEVICE_FAMILY = "1,2";
				TEST_HOST = "$(BUILT_PRODUCTS_DIR)/Flix.app/Flix";
			};
			name = Release;
		};
		28C43B3224A3BA0A0092F0D9 /* Debug */ = {
			isa = XCBuildConfiguration;
			baseConfigurationReference = E9542427B73CFF4E4057098A /* Pods-Flix-FlixUITests.debug.xcconfig */;
			buildSettings = {
				CODE_SIGN_STYLE = Automatic;
				INFOPLIST_FILE = FlixUITests/Info.plist;
				LD_RUNPATH_SEARCH_PATHS = (
					"$(inherited)",
					"@executable_path/Frameworks",
					"@loader_path/Frameworks",
				);
				PRODUCT_BUNDLE_IDENTIFIER = com.marianamtzcelis.FlixUITests;
				PRODUCT_NAME = "$(TARGET_NAME)";
				TARGETED_DEVICE_FAMILY = "1,2";
				TEST_TARGET_NAME = Flix;
			};
			name = Debug;
		};
		28C43B3324A3BA0A0092F0D9 /* Release */ = {
			isa = XCBuildConfiguration;
			baseConfigurationReference = 07F54EA494316FF45FAB63E3 /* Pods-Flix-FlixUITests.release.xcconfig */;
			buildSettings = {
				CODE_SIGN_STYLE = Automatic;
				INFOPLIST_FILE = FlixUITests/Info.plist;
				LD_RUNPATH_SEARCH_PATHS = (
					"$(inherited)",
					"@executable_path/Frameworks",
					"@loader_path/Frameworks",
				);
				PRODUCT_BUNDLE_IDENTIFIER = com.marianamtzcelis.FlixUITests;
				PRODUCT_NAME = "$(TARGET_NAME)";
				TARGETED_DEVICE_FAMILY = "1,2";
				TEST_TARGET_NAME = Flix;
			};
			name = Release;
		};
/* End XCBuildConfiguration section */

/* Begin XCConfigurationList section */
		28C43AF724A3BA090092F0D9 /* Build configuration list for PBXProject "Flix" */ = {
			isa = XCConfigurationList;
			buildConfigurations = (
				28C43B2924A3BA0A0092F0D9 /* Debug */,
				28C43B2A24A3BA0A0092F0D9 /* Release */,
			);
			defaultConfigurationIsVisible = 0;
			defaultConfigurationName = Release;
		};
		28C43B2B24A3BA0A0092F0D9 /* Build configuration list for PBXNativeTarget "Flix" */ = {
			isa = XCConfigurationList;
			buildConfigurations = (
				28C43B2C24A3BA0A0092F0D9 /* Debug */,
				28C43B2D24A3BA0A0092F0D9 /* Release */,
			);
			defaultConfigurationIsVisible = 0;
			defaultConfigurationName = Release;
		};
		28C43B2E24A3BA0A0092F0D9 /* Build configuration list for PBXNativeTarget "FlixTests" */ = {
			isa = XCConfigurationList;
			buildConfigurations = (
				28C43B2F24A3BA0A0092F0D9 /* Debug */,
				28C43B3024A3BA0A0092F0D9 /* Release */,
			);
			defaultConfigurationIsVisible = 0;
			defaultConfigurationName = Release;
		};
		28C43B3124A3BA0A0092F0D9 /* Build configuration list for PBXNativeTarget "FlixUITests" */ = {
			isa = XCConfigurationList;
			buildConfigurations = (
				28C43B3224A3BA0A0092F0D9 /* Debug */,
				28C43B3324A3BA0A0092F0D9 /* Release */,
			);
			defaultConfigurationIsVisible = 0;
			defaultConfigurationName = Release;
		};
/* End XCConfigurationList section */
	};
	rootObject = 28C43AF424A3BA090092F0D9 /* Project object */;
}
